{
  "name": "ajs-node",
  "version": "1.0.0",
  "lockfileVersion": 3,
  "requires": true,
  "packages": {
    "": {
      "name": "ajs-node",
      "version": "1.0.0",
      "license": "ISC",
      "dependencies": {
        "@redsema/ajs": "^1.0.0"
      }
    },
    "node_modules/@redsema/ajs": {
      "version": "1.0.0",
      "resolved": "https://npm.pkg.github.com/download/@redsema/ajs/1.0.0/7465386ff4bb825343df3a9666fc4ede8f7fb91e",
      "integrity": "sha512-gw9XIa6nZXxFUoKihXN60PXJjWQyhg5d2DIzUhnWp53bgKKodQPvwK7IlOlrOi3+qSmaIcV0CJ8c1tzmigciow==",
      "license": "ISC"
    }
  }
}
